// !$*UTF8*$!
{
	archiveVersion = 1;
	classes = {
	};
	objectVersion = 50;
	objects = {

/* Begin PBXBuildFile section */
		AE5F499623FCFAC100C67233 /* AppDelegate.swift in Sources */ = {isa = PBXBuildFile; fileRef = AE5F499523FCFAC100C67233 /* AppDelegate.swift */; };
		AE5F499823FCFAC100C67233 /* SceneDelegate.swift in Sources */ = {isa = PBXBuildFile; fileRef = AE5F499723FCFAC100C67233 /* SceneDelegate.swift */; };
		AE5F499A23FCFAC100C67233 /* ContentView.swift in Sources */ = {isa = PBXBuildFile; fileRef = AE5F499923FCFAC100C67233 /* ContentView.swift */; };
		AE5F499C23FCFAC500C67233 /* Assets.xcassets in Resources */ = {isa = PBXBuildFile; fileRef = AE5F499B23FCFAC500C67233 /* Assets.xcassets */; };
		AE5F499F23FCFAC500C67233 /* Preview Assets.xcassets in Resources */ = {isa = PBXBuildFile; fileRef = AE5F499E23FCFAC500C67233 /* Preview Assets.xcassets */; };
		AE5F49A223FCFAC500C67233 /* LaunchScreen.storyboard in Resources */ = {isa = PBXBuildFile; fileRef = AE5F49A023FCFAC500C67233 /* LaunchScreen.storyboard */; };
/* End PBXBuildFile section */

/* Begin PBXFileReference section */
		AE5F499223FCFAC100C67233 /* multiplicationPractice.app */ = {isa = PBXFileReference; explicitFileType = wrapper.application; includeInIndex = 0; path = multiplicationPractice.app; sourceTree = BUILT_PRODUCTS_DIR; };
		AE5F499523FCFAC100C67233 /* AppDelegate.swift */ = {isa = PBXFileReference; lastKnownFileType = sourcecode.swift; path = AppDelegate.swift; sourceTree = "<group>"; };
		AE5F499723FCFAC100C67233 /* SceneDelegate.swift */ = {isa = PBXFileReference; lastKnownFileType = sourcecode.swift; path = SceneDelegate.swift; sourceTree = "<group>"; };
		AE5F499923FCFAC100C67233 /* ContentView.swift */ = {isa = PBXFileReference; lastKnownFileType = sourcecode.swift; path = ContentView.swift; sourceTree = "<group>"; };
		AE5F499B23FCFAC500C67233 /* Assets.xcassets */ = {isa = PBXFileReference; lastKnownFileType = folder.assetcatalog; path = Assets.xcassets; sourceTree = "<group>"; };
		AE5F499E23FCFAC500C67233 /* Preview Assets.xcassets */ = {isa = PBXFileReference; lastKnownFileType = folder.assetcatalog; path = "Preview Assets.xcassets"; sourceTree = "<group>"; };
		AE5F49A123FCFAC500C67233 /* Base */ = {isa = PBXFileReference; lastKnownFileType = file.storyboard; name = Base; path = Base.lproj/LaunchScreen.storyboard; sourceTree = "<group>"; };
		AE5F49A323FCFAC500C67233 /* Info.plist */ = {isa = PBXFileReference; lastKnownFileType = text.plist.xml; path = Info.plist; sourceTree = "<group>"; };
/* End PBXFileReference section */

/* Begin PBXFrameworksBuildPhase section */
		AE5F498F23FCFAC100C67233 /* Frameworks */ = {
			isa = PBXFrameworksBuildPhase;
			buildActionMask = 2147483647;
			files = (
			);
			runOnlyForDeploymentPostprocessing = 0;
		};
/* End PBXFrameworksBuildPhase section */

/* Begin PBXGroup section */
		AE5F498923FCFAC100C67233 = {
			isa = PBXGroup;
			children = (
				AE5F499423FCFAC100C67233 /* multiplicationPractice */,
				AE5F499323FCFAC100C67233 /* Products */,
			);
			sourceTree = "<group>";
		};
		AE5F499323FCFAC100C67233 /* Products */ = {
			isa = PBXGroup;
			children = (
				AE5F499223FCFAC100C67233 /* multiplicationPractice.app */,
			);
			name = Products;
			sourceTree = "<group>";
		};
		AE5F499423FCFAC100C67233 /* multiplicationPractice */ = {
			isa = PBXGroup;
			children = (
				AE5F499523FCFAC100C67233 /* AppDelegate.swift */,
				AE5F499723FCFAC100C67233 /* SceneDelegate.swift */,
				AE5F499923FCFAC100C67233 /* ContentView.swift */,
				AE5F499B23FCFAC500C67233 /* Assets.xcassets */,
				AE5F49A023FCFAC500C67233 /* LaunchScreen.storyboard */,
				AE5F49A323FCFAC500C67233 /* Info.plist */,
				AE5F499D23FCFAC500C67233 /* Preview Content */,
			);
			path = multiplicationPractice;
			sourceTree = "<group>";
		};
		AE5F499D23FCFAC500C67233 /* Preview Content */ = {
			isa = PBXGroup;
			children = (
				AE5F499E23FCFAC500C67233 /* Preview Assets.xcassets */,
			);
			path = "Preview Content";
			sourceTree = "<group>";
		};
/* End PBXGroup section */

/* Begin PBXNativeTarget section */
		AE5F499123FCFAC100C67233 /* multiplicationPractice */ = {
			isa = PBXNativeTarget;
			buildConfigurationList = AE5F49A623FCFAC500C67233 /* Build configuration list for PBXNativeTarget "multiplicationPractice" */;
			buildPhases = (
				AE5F498E23FCFAC100C67233 /* Sources */,
				AE5F498F23FCFAC100C67233 /* Frameworks */,
				AE5F499023FCFAC100C67233 /* Resources */,
			);
			buildRules = (
			);
			dependencies = (
			);
			name = multiplicationPractice;
			productName = multiplicationPractice;
			productReference = AE5F499223FCFAC100C67233 /* multiplicationPractice.app */;
			productType = "com.apple.product-type.application";
		};
/* End PBXNativeTarget section */

/* Begin PBXProject section */
		AE5F498A23FCFAC100C67233 /* Project object */ = {
			isa = PBXProject;
			attributes = {
				LastSwiftUpdateCheck = 1130;
				LastUpgradeCheck = 1130;
				ORGANIZATIONNAME = "Heather Mason";
				TargetAttributes = {
					AE5F499123FCFAC100C67233 = {
						CreatedOnToolsVersion = 11.3.1;
					};
				};
			};
			buildConfigurationList = AE5F498D23FCFAC100C67233 /* Build configuration list for PBXProject "multiplicationPractice" */;
			compatibilityVersion = "Xcode 9.3";
			developmentRegion = en;
			hasScannedForEncodings = 0;
			knownRegions = (
				en,
				Base,
			);
			mainGroup = AE5F498923FCFAC100C67233;
			productRefGroup = AE5F499323FCFAC100C67233 /* Products */;
			projectDirPath = "";
			projectRoot = "";
			targets = (
				AE5F499123FCFAC100C67233 /* multiplicationPractice */,
			);
		};
/* End PBXProject section */

/* Begin PBXResourcesBuildPhase section */
		AE5F499023FCFAC100C67233 /* Resources */ = {
			isa = PBXResourcesBuildPhase;
			buildActionMask = 2147483647;
			files = (
				AE5F49A223FCFAC500C67233 /* LaunchScreen.storyboard in Resources */,
				AE5F499F23FCFAC500C67233 /* Preview Assets.xcassets in Resources */,
				AE5F499C23FCFAC500C67233 /* Assets.xcassets in Resources */,
			);
			runOnlyForDeploymentPostprocessing = 0;
		};
/* End PBXResourcesBuildPhase section */

/* Begin PBXSourcesBuildPhase section */
		AE5F498E23FCFAC100C67233 /* Sources */ = {
			isa = PBXSourcesBuildPhase;
			buildActionMask = 2147483647;
			files = (
				AE5F499623FCFAC100C67233 /* AppDelegate.swift in Sources */,
				AE5F499823FCFAC100C67233 /* SceneDelegate.swift in Sources */,
				AE5F499A23FCFAC100C67233 /* ContentView.swift in Sources */,
			);
			runOnlyForDeploymentPostprocessing = 0;
		};
/* End PBXSourcesBuildPhase section */

/* Begin PBXVariantGroup section */
		AE5F49A023FCFAC500C67233 /* LaunchScreen.storyboard */ = {
			isa = PBXVariantGroup;
			children = (
				AE5F49A123FCFAC500C67233 /* Base */,
			);
			name = LaunchScreen.storyboard;
			sourceTree = "<group>";
		};
/* End PBXVariantGroup section */

/* Begin XCBuildConfiguration section */
		AE5F49A423FCFAC500C67233 /* Debug */ = {
			isa = XCBuildConfiguration;
			buildSettings = {
				ALWAYS_SEARCH_USER_PATHS = NO;
				CLANG_ANALYZER_NONNULL = YES;
				CLANG_ANALYZER_NUMBER_OBJECT_CONVERSION = YES_AGGRESSIVE;
				CLANG_CXX_LANGUAGE_STANDARD = "gnu++14";
				CLANG_CXX_LIBRARY = "libc++";
				CLANG_ENABLE_MODULES = YES;
				CLANG_ENABLE_OBJC_ARC = YES;
				CLANG_ENABLE_OBJC_WEAK = YES;
				CLANG_WARN_BLOCK_CAPTURE_AUTORELEASING = YES;
				CLANG_WARN_BOOL_CONVERSION = YES;
				CLANG_WARN_COMMA = YES;
				CLANG_WARN_CONSTANT_CONVERSION = YES;
				CLANG_WARN_DEPRECATED_OBJC_IMPLEMENTATIONS = YES;
				CLANG_WARN_DIRECT_OBJC_ISA_USAGE = YES_ERROR;
				CLANG_WARN_DOCUMENTATION_COMMENTS = YES;
				CLANG_WARN_EMPTY_BODY = YES;
				CLANG_WARN_ENUM_CONVERSION = YES;
				CLANG_WARN_INFINITE_RECURSION = YES;
				CLANG_WARN_INT_CONVERSION = YES;
				CLANG_WARN_NON_LITERAL_NULL_CONVERSION = YES;
				CLANG_WARN_OBJC_IMPLICIT_RETAIN_SELF = YES;
				CLANG_WARN_OBJC_LITERAL_CONVERSION = YES;
				CLANG_WARN_OBJC_ROOT_CLASS = YES_ERROR;
				CLANG_WARN_RANGE_LOOP_ANALYSIS = YES;
				CLANG_WARN_STRICT_PROTOTYPES = YES;
				CLANG_WARN_SUSPICIOUS_MOVE = YES;
				CLANG_WARN_UNGUARDED_AVAILABILITY = YES_AGGRESSIVE;
				CLANG_WARN_UNREACHABLE_CODE = YES;
				CLANG_WARN__DUPLICATE_METHOD_MATCH = YES;
				COPY_PHASE_STRIP = NO;
				DEBUG_INFORMATION_FORMAT = dwarf;
				ENABLE_STRICT_OBJC_MSGSEND = YES;
				ENABLE_TESTABILITY = YES;
				GCC_C_LANGUAGE_STANDARD = gnu11;
				GCC_DYNAMIC_NO_PIC = NO;
				GCC_NO_COMMON_BLOCKS = YES;
				GCC_OPTIMIZATION_LEVEL = 0;
				GCC_PREPROCESSOR_DEFINITIONS = (
					"DEBUG=1",
					"$(inherited)",
				);
				GCC_WARN_64_TO_32_BIT_CONVERSION = YES;
				GCC_WARN_ABOUT_RETURN_TYPE = YES_ERROR;
				GCC_WARN_UNDECLARED_SELECTOR = YES;
				GCC_WARN_UNINITIALIZED_AUTOS = YES_AGGRESSIVE;
				GCC_WARN_UNUSED_FUNCTION = YES;
				GCC_WARN_UNUSED_VARIABLE = YES;
				IPHONEOS_DEPLOYMENT_TARGET = 13.2;
				MTL_ENABLE_DEBUG_INFO = INCLUDE_SOURCE;
				MTL_FAST_MATH = YES;
				ONLY_ACTIVE_ARCH = YES;
				SDKROOT = iphoneos;
				SWIFT_ACTIVE_COMPILATION_CONDITIONS = DEBUG;
				SWIFT_OPTIMIZATION_LEVEL = "-Onone";
			};
			name = Debug;
		};
		AE5F49A523FCFAC500C67233 /* Release */ = {
			isa = XCBuildConfiguration;
			buildSettings = {
				ALWAYS_SEARCH_USER_PATHS = NO;
				CLANG_ANALYZER_NONNULL = YES;
				CLANG_ANALYZER_NUMBER_OBJECT_CONVERSION = YES_AGGRESSIVE;
				CLANG_CXX_LANGUAGE_STANDARD = "gnu++14";
				CLANG_CXX_LIBRARY = "libc++";
				CLANG_ENABLE_MODULES = YES;
				CLANG_ENABLE_OBJC_ARC = YES;
				CLANG_ENABLE_OBJC_WEAK = YES;
				CLANG_WARN_BLOCK_CAPTURE_AUTORELEASING = YES;
				CLANG_WARN_BOOL_CONVERSION = YES;
				CLANG_WARN_COMMA = YES;
				CLANG_WARN_CONSTANT_CONVERSION = YES;
				CLANG_WARN_DEPRECATED_OBJC_IMPLEMENTATIONS = YES;
				CLANG_WARN_DIRECT_OBJC_ISA_USAGE = YES_ERROR;
				CLANG_WARN_DOCUMENTATION_COMMENTS = YES;
				CLANG_WARN_EMPTY_BODY = YES;
				CLANG_WARN_ENUM_CONVERSION = YES;
				CLANG_WARN_INFINITE_RECURSION = YES;
				CLANG_WARN_INT_CONVERSION = YES;
				CLANG_WARN_NON_LITERAL_NULL_CONVERSION = YES;
				CLANG_WARN_OBJC_IMPLICIT_RETAIN_SELF = YES;
				CLANG_WARN_OBJC_LITERAL_CONVERSION = YES;
				CLANG_WARN_OBJC_ROOT_CLASS = YES_ERROR;
				CLANG_WARN_RANGE_LOOP_ANALYSIS = YES;
				CLANG_WARN_STRICT_PROTOTYPES = YES;
				CLANG_WARN_SUSPICIOUS_MOVE = YES;
				CLANG_WARN_UNGUARDED_AVAILABILITY = YES_AGGRESSIVE;
				CLANG_WARN_UNREACHABLE_CODE = YES;
				CLANG_WARN__DUPLICATE_METHOD_MATCH = YES;
				COPY_PHASE_STRIP = NO;
				DEBUG_INFORMATION_FORMAT = "dwarf-with-dsym";
				ENABLE_NS_ASSERTIONS = NO;
				ENABLE_STRICT_OBJC_MSGSEND = YES;
				GCC_C_LANGUAGE_STANDARD = gnu11;
				GCC_NO_COMMON_BLOCKS = YES;
				GCC_WARN_64_TO_32_BIT_CONVERSION = YES;
				GCC_WARN_ABOUT_RETURN_TYPE = YES_ERROR;
				GCC_WARN_UNDECLARED_SELECTOR = YES;
				GCC_WARN_UNINITIALIZED_AUTOS = YES_AGGRESSIVE;
				GCC_WARN_UNUSED_FUNCTION = YES;
				GCC_WARN_UNUSED_VARIABLE = YES;
				IPHONEOS_DEPLOYMENT_TARGET = 13.2;
				MTL_ENABLE_DEBUG_INFO = NO;
				MTL_FAST_MATH = YES;
				SDKROOT = iphoneos;
				SWIFT_COMPILATION_MODE = wholemodule;
				SWIFT_OPTIMIZATION_LEVEL = "-O";
				VALIDATE_PRODUCT = YES;
			};
			name = Release;
		};
		AE5F49A723FCFAC500C67233 /* Debug */ = {
			isa = XCBuildConfiguration;
			buildSettings = {
				ASSETCATALOG_COMPILER_APPICON_NAME = AppIcon;
				CODE_SIGN_STYLE = Automatic;
				DEVELOPMENT_ASSET_PATHS = "\"multiplicationPractice/Preview Content\"";
				DEVELOPMENT_TEAM = 766MQFJY2G;
				ENABLE_PREVIEWS = YES;
				INFOPLIST_FILE = multiplicationPractice/Info.plist;
				LD_RUNPATH_SEARCH_PATHS = (
					"$(inherited)",
					"@executable_path/Frameworks",
				);
				PRODUCT_BUNDLE_IDENTIFIER = me.heatem.multiplicationPractice;
				PRODUCT_NAME = "$(TARGET_NAME)";
				SWIFT_VERSION = 5.0;
				TARGETED_DEVICE_FAMILY = "1,2";
			};
			name = Debug;
		};
		AE5F49A823FCFAC500C67233 /* Release */ = {
			isa = XCBuildConfiguration;
			buildSettings = {
				ASSETCATALOG_COMPILER_APPICON_NAME = AppIcon;
				CODE_SIGN_STYLE = Automatic;
				DEVELOPMENT_ASSET_PATHS = "\"multiplicationPractice/Preview Content\"";
				DEVELOPMENT_TEAM = 766MQFJY2G;
				ENABLE_PREVIEWS = YES;
				INFOPLIST_FILE = multiplicationPractice/Info.plist;
				LD_RUNPATH_SEARCH_PATHS = (
					"$(inherited)",
					"@executable_path/Frameworks",
				);
				PRODUCT_BUNDLE_IDENTIFIER = me.heatem.multiplicationPractice;
				PRODUCT_NAME = "$(TARGET_NAME)";
				SWIFT_VERSION = 5.0;
				TARGETED_DEVICE_FAMILY = "1,2";
			};
			name = Release;
		};
/* End XCBuildConfiguration section */

/* Begin XCConfigurationList section */
		AE5F498D23FCFAC100C67233 /* Build configuration list for PBXProject "multiplicationPractice" */ = {
			isa = XCConfigurationList;
			buildConfigurations = (
				AE5F49A423FCFAC500C67233 /* Debug */,
				AE5F49A523FCFAC500C67233 /* Release */,
			);
			defaultConfigurationIsVisible = 0;
			defaultConfigurationName = Release;
		};
		AE5F49A623FCFAC500C67233 /* Build configuration list for PBXNativeTarget "multiplicationPractice" */ = {
			isa = XCConfigurationList;
			buildConfigurations = (
				AE5F49A723FCFAC500C67233 /* Debug */,
				AE5F49A823FCFAC500C67233 /* Release */,
			);
			defaultConfigurationIsVisible = 0;
			defaultConfigurationName = Release;
		};
/* End XCConfigurationList section */
	};
	rootObject = AE5F498A23FCFAC100C67233 /* Project object */;
}
